# This file is automatically @generated by Cargo.
# It is not intended for manual editing.
version = 4

[[package]]
name = "seclusor"
version = "0.1.0"
dependencies = [
 "seclusor-codec",
 "seclusor-core",
 "seclusor-crypto",
 "seclusor-keyring",
]

[[package]]
name = "seclusor-codec"
version = "0.1.0"
dependencies = [
 "seclusor-core",
 "seclusor-crypto",
]

[[package]]
name = "seclusor-core"
version = "0.1.0"

[[package]]
name = "seclusor-crypto"
version = "0.1.0"
dependencies = [
 "seclusor-core",
]

[[package]]
name = "seclusor-ffi"
version = "0.1.0"
dependencies = [
 "seclusor-codec",
 "seclusor-core",
 "seclusor-crypto",
 "seclusor-keyring",
]

[[package]]
name = "seclusor-keyring"
version = "0.1.0"
dependencies = [
 "seclusor-core",
 "seclusor-crypto",
]
